
Microsoft Visual Studio Solution File, Format Version 11.00
# Visual Studio 2010
Project("{FAE04EC0-301F-11D3-BF4B-00C04F79EFBC}") = "Ball-Bouncer-Game", "Assembly-CSharp.csproj", "{6465DFC3-E997-B2E4-CCA1-22B9B1417F5E}"
EndProject
Project("{FAE04EC0-301F-11D3-BF4B-00C04F79EFBC}") = "Ball-Bouncer-Game", "Assembly-CSharp-Editor-firstpass.csproj", "{1DA2E914-688A-068B-B24B-7C767F0AFD34}"
EndProject
Global
	GlobalSection(SolutionConfigurationPlatforms) = preSolution
		Debug|Any CPU = Debug|Any CPU
		Release|Any CPU = Release|Any CPU
	EndGlobalSection
	GlobalSection(ProjectConfigurationPlatforms) = postSolution
		{6465DFC3-E997-B2E4-CCA1-22B9B1417F5E}.Debug|Any CPU.ActiveCfg = Debug|Any CPU
		{6465DFC3-E997-B2E4-CCA1-22B9B1417F5E}.Debug|Any CPU.Build.0 = Debug|Any CPU
		{6465DFC3-E997-B2E4-CCA1-22B9B1417F5E}.Release|Any CPU.ActiveCfg = Release|Any CPU
		{6465DFC3-E997-B2E4-CCA1-22B9B1417F5E}.Release|Any CPU.Build.0 = Release|Any CPU
		{1DA2E914-688A-068B-B24B-7C767F0AFD34}.Debug|Any CPU.ActiveCfg = Debug|Any CPU
		{1DA2E914-688A-068B-B24B-7C767F0AFD34}.Debug|Any CPU.Build.0 = Debug|Any CPU
		{1DA2E914-688A-068B-B24B-7C767F0AFD34}.Release|Any CPU.ActiveCfg = Release|Any CPU
		{1DA2E914-688A-068B-B24B-7C767F0AFD34}.Release|Any CPU.Build.0 = Release|Any CPU
	EndGlobalSection
	GlobalSection(SolutionProperties) = preSolution
		HideSolutionNode = FALSE
	EndGlobalSection
	GlobalSection(MonoDevelopProperties) = preSolution
		StartupItem = Assembly-CSharp.csproj
	EndGlobalSection
EndGlobal
